<?xml version="1.0" encoding="utf-8"?>
<Project ToolsVersion="4.0" xmlns="http://schemas.microsoft.com/developer/msbuild/2003">
  <ItemGroup>
    <Filter Include="Source Files">
      <UniqueIdentifier>{4FC737F1-C7A5-4376-A066-2A32D752A2FF}</UniqueIdentifier>
      <Extensions>cpp;c;cc;cxx;def;odl;idl;hpj;bat;asm;asmx</Extensions>
    </Filter>
    <Filter Include="Header Files">
      <UniqueIdentifier>{93995380-89BD-4b04-88EB-625FBE52EBFB}</UniqueIdentifier>
      <Extensions>h;hh;hpp;hxx;hm;inl;inc;xsd</Extensions>
    </Filter>
    <Filter Include="Resource Files">
      <UniqueIdentifier>{67DA6AB6-F800-4c08-8B7A-83BB121AAD01}</UniqueIdentifier>
      <Extensions>rc;ico;cur;bmp;dlg;rc2;rct;bin;rgs;gif;jpg;jpeg;jpe;resx;tiff;tif;png;wav</Extensions>
    </Filter>
  </ItemGroup>
  <ItemGroup>
    <ClCompile Include="src\main.cpp">
      <Filter>Source Files</Filter>
    </ClCompile>
    <ClCompile Include="src\analysis_runs\Analysis_run.cpp">
      <Filter>Source Files</Filter>
    </ClCompile>
    <ClCompile Include="src\analysis_runs\fraction_run_file.cpp">
      <Filter>Source Files</Filter>
    </ClCompile>
    <ClCompile Include="src\analysis_runs\FunzRunUndTumble.cpp">
      <Filter>Source Files</Filter>
    </ClCompile>
    <ClCompile Include="src\analysis_runs\Name_jumps.cpp">
      <Filter>Source Files</Filter>
    </ClCompile>
    <ClCompile Include="src\analysis_runs\RunUpDownDivision.cpp">
      <Filter>Source Files</Filter>
    </ClCompile>
    <ClCompile Include="src\analysis_runs\setFileNamesRun.cpp">
      <Filter>Source Files</Filter>
    </ClCompile>
    <ClCompile Include="src\ecoli\CV_rExpIG_tExp.cpp">
      <Filter>Source Files</Filter>
    </ClCompile>
    <ClCompile Include="src\ecoli\CV_rExp_tExp.cpp">
      <Filter>Source Files</Filter>
    </ClCompile>
    <ClCompile Include="src\ecoli\CV_rIG_tExp.cpp">
      <Filter>Source Files</Filter>
    </ClCompile>
    <ClCompile Include="src\ecoli\EO_rExpIG_tExp.cpp">
      <Filter>Source Files</Filter>
    </ClCompile>
    <ClCompile Include="src\ecoli\EO_rExp_tExp.cpp">
      <Filter>Source Files</Filter>
    </ClCompile>
    <ClCompile Include="src\ecoli\EO_rIG_tExp.cpp">
      <Filter>Source Files</Filter>
    </ClCompile>
    <ClCompile Include="src\ecoli\E_Coli.cpp">
      <Filter>Source Files</Filter>
    </ClCompile>
    <ClCompile Include="src\ecoli\Funzioni_support_molecular.cpp">
      <Filter>Source Files</Filter>
    </ClCompile>
    <ClCompile Include="src\ecoli\Internal_dynamic.cpp">
      <Filter>Source Files</Filter>
    </ClCompile>
    <ClCompile Include="src\ecoli\Molecular_rExpIG_tExp.cpp">
      <Filter>Source Files</Filter>
    </ClCompile>
    <ClCompile Include="src\ecoli\Molecular_rExp_tExp.cpp">
      <Filter>Source Files</Filter>
    </ClCompile>
    <ClCompile Include="src\ecoli\Molecular_rIG_tExp.cpp">
      <Filter>Source Files</Filter>
    </ClCompile>
    <ClCompile Include="src\ecoli\ParameterEstimation_CV_rExp_tExp.cpp">
      <Filter>Source Files</Filter>
    </ClCompile>
    <ClCompile Include="src\ecoli\ParameterEstimation_CV_rIG_tExp.cpp">
      <Filter>Source Files</Filter>
    </ClCompile>
    <ClCompile Include="src\ecoli\ParameterEstimation_E_coli.cpp">
      <Filter>Source Files</Filter>
    </ClCompile>
    <ClCompile Include="src\ecoli\Reset_barriera.cpp">
      <Filter>Source Files</Filter>
    </ClCompile>
    <ClCompile Include="src\latex\Desktop_Folder_LateX.cpp">
      <Filter>Source Files</Filter>
    </ClCompile>
    <ClCompile Include="src\latex\LateX_Corpo.cpp">
      <Filter>Source Files</Filter>
    </ClCompile>
    <ClCompile Include="src\latex\LateX_Preambolo.cpp">
      <Filter>Source Files</Filter>
    </ClCompile>
    <ClCompile Include="src\latex\print_and_open_info.cpp">
      <Filter>Source Files</Filter>
    </ClCompile>
    <ClCompile Include="src\latex\print_and_open_run.cpp">
      <Filter>Source Files</Filter>
    </ClCompile>
    <ClCompile Include="src\latex\Write_LateX_file.cpp">
      <Filter>Source Files</Filter>
    </ClCompile>
    <ClCompile Include="src\ligand\Funz_C.cpp">
      <Filter>Source Files</Filter>
    </ClCompile>
    <ClCompile Include="src\ligand\Funz_C_Inter.cpp">
      <Filter>Source Files</Filter>
    </ClCompile>
    <ClCompile Include="src\ligand\Funz_C_Par.cpp">
      <Filter>Source Files</Filter>
    </ClCompile>
    <ClCompile Include="src\ligand\Funz_C_Preview.cpp">
      <Filter>Source Files</Filter>
    </ClCompile>
    <ClCompile Include="src\matlab\Matlab_from_cpp.cpp">
      <Filter>Source Files</Filter>
    </ClCompile>
    <ClCompile Include="src\matlab\Matlab_large_population.cpp">
      <Filter>Source Files</Filter>
    </ClCompile>
    <ClCompile Include="src\matlab\mintocpp.cpp">
      <Filter>Source Files</Filter>
    </ClCompile>
    <ClCompile Include="src\matlab\Scrittura_m_files.cpp">
      <Filter>Source Files</Filter>
    </ClCompile>
    <ClCompile Include="src\simulations\create_bacteria_vector.cpp">
      <Filter>Source Files</Filter>
    </ClCompile>
    <ClCompile Include="src\simulations\distr_initial_unif.cpp">
      <Filter>Source Files</Filter>
    </ClCompile>
    <ClCompile Include="src\simulations\independent_population.cpp">
      <Filter>Source Files</Filter>
    </ClCompile>
    <ClCompile Include="src\simulations\initial_distribution.cpp">
      <Filter>Source Files</Filter>
    </ClCompile>
    <ClCompile Include="src\simulations\iniz_par_sim.cpp">
      <Filter>Source Files</Filter>
    </ClCompile>
    <ClCompile Include="src\simulations\interacting_population.cpp">
      <Filter>Source Files</Filter>
    </ClCompile>
    <ClCompile Include="src\simulations\Manipulation_Marix.cpp">
      <Filter>Source Files</Filter>
    </ClCompile>
    <ClCompile Include="src\simulations\MODE_Simulation.cpp">
      <Filter>Source Files</Filter>
    </ClCompile>
    <ClCompile Include="src\simulations\setNames.cpp">
      <Filter>Source Files</Filter>
    </ClCompile>
    <ClCompile Include="src\simulations\set_funz_c.cpp">
      <Filter>Source Files</Filter>
    </ClCompile>
    <ClCompile Include="src\simulations\simulation_2.cpp">
      <Filter>Source Files</Filter>
    </ClCompile>
    <ClCompile Include="src\simulations\simulation_2MultiT.cpp">
      <Filter>Source Files</Filter>
    </ClCompile>
    <ClCompile Include="src\simulations\simulation_indipendent_2.cpp">
      <Filter>Source Files</Filter>
    </ClCompile>
    <ClCompile Include="src\simulations\simulation_interacting.cpp">
      <Filter>Source Files</Filter>
    </ClCompile>
    <ClCompile Include="src\simulations\SolveHeat2D_Neumann.cpp">
      <Filter>Source Files</Filter>
    </ClCompile>
    <ClCompile Include="src\simulations\Stima_tempo.cpp">
      <Filter>Source Files</Filter>
    </ClCompile>
    <ClCompile Include="src\simulations\Transpose_Matrix.cpp">
      <Filter>Source Files</Filter>
    </ClCompile>
    <ClCompile Include="src\statistics\compareModels.cpp">
      <Filter>Source Files</Filter>
    </ClCompile>
    <ClCompile Include="src\statistics\File_statistics.cpp">
      <Filter>Source Files</Filter>
    </ClCompile>
    <ClCompile Include="src\statistics\GoodnessFit_PP.cpp">
      <Filter>Source Files</Filter>
    </ClCompile>
    <ClCompile Include="src\statistics\Implementatiuon_Statistical_Analysis.cpp">
      <Filter>Source Files</Filter>
    </ClCompile>
    <ClCompile Include="src\statistics\MODE_statisticalAnalysis.cpp">
      <Filter>Source Files</Filter>
    </ClCompile>
    <ClCompile Include="src\statistics\MovingLeastSquares.cpp">
      <Filter>Source Files</Filter>
    </ClCompile>
    <ClCompile Include="src\statistics\plot_goodness_fit.cpp">
      <Filter>Source Files</Filter>
    </ClCompile>
    <ClCompile Include="src\statistics\plot_tau_Q.cpp">
      <Filter>Source Files</Filter>
    </ClCompile>
    <ClCompile Include="src\statistics\Q_tau_stat.cpp">
      <Filter>Source Files</Filter>
    </ClCompile>
    <ClCompile Include="src\statistics\s_F_lambda_r.cpp">
      <Filter>Source Files</Filter>
    </ClCompile>
    <ClCompile Include="src\statistics\s_lambda.cpp">
      <Filter>Source Files</Filter>
    </ClCompile>
    <ClCompile Include="src\varie\Cancella_tutto.cpp">
      <Filter>Source Files</Filter>
    </ClCompile>
    <ClCompile Include="src\varie\clear_Bild.cpp">
      <Filter>Source Files</Filter>
    </ClCompile>
    <ClCompile Include="src\varie\createMakeFile.cpp">
      <Filter>Source Files</Filter>
    </ClCompile>
    <ClCompile Include="src\varie\FunzBiginEnd.cpp">
      <Filter>Source Files</Filter>
    </ClCompile>
    <ClCompile Include="src\varie\funzioni_risposta.cpp">
      <Filter>Source Files</Filter>
    </ClCompile>
    <ClCompile Include="src\varie\FunzRand.cpp">
      <Filter>Source Files</Filter>
    </ClCompile>
    <ClCompile Include="src\varie\initial_page.cpp">
      <Filter>Source Files</Filter>
    </ClCompile>
    <ClCompile Include="src\varie\last_deleting.cpp">
      <Filter>Source Files</Filter>
    </ClCompile>
    <ClCompile Include="src\varie\LoadBar.cpp">
      <Filter>Source Files</Filter>
    </ClCompile>
    <ClCompile Include="src\varie\Read_file_par.cpp">
      <Filter>Source Files</Filter>
    </ClCompile>
    <ClCompile Include="src\varie\save_path.cpp">
      <Filter>Source Files</Filter>
    </ClCompile>
    <ClCompile Include="src\varie\set_gnuplot_Matlab.cpp">
      <Filter>Source Files</Filter>
    </ClCompile>
    <ClCompile Include="src\varie\Set_MODE_Program.cpp">
      <Filter>Source Files</Filter>
    </ClCompile>
    <ClCompile Include="src\varie\set_parameters_demo.cpp">
      <Filter>Source Files</Filter>
    </ClCompile>
    <ClCompile Include="src\varie\step_by_step_save_risp_run.cpp">
      <Filter>Source Files</Filter>
    </ClCompile>
    <ClCompile Include="src\varie\timestamp.cpp">
      <Filter>Source Files</Filter>
    </ClCompile>
    <ClCompile Include="src\varie\tmpfile.cpp">
      <Filter>Source Files</Filter>
    </ClCompile>
    <ClCompile Include="src\varie\mainpage.cc">
      <Filter>Source Files</Filter>
    </ClCompile>
    <ClCompile Include="src\visualization\baricentro_plot.cpp">
      <Filter>Source Files</Filter>
    </ClCompile>
    <ClCompile Include="src\visualization\Cancell_histFile.cpp">
      <Filter>Source Files</Filter>
    </ClCompile>
    <ClCompile Include="src\visualization\filmato_3D_gnuplot.cpp">
      <Filter>Source Files</Filter>
    </ClCompile>
    <ClCompile Include="src\visualization\filmato_3D_gnuplotMultiThread.cpp">
      <Filter>Source Files</Filter>
    </ClCompile>
    <ClCompile Include="src\visualization\filmato_3D_gnuplot_gif.cpp">
      <Filter>Source Files</Filter>
    </ClCompile>
    <ClCompile Include="src\visualization\gnuplotFunzInternalDynalmic.cpp">
      <Filter>Source Files</Filter>
    </ClCompile>
    <ClCompile Include="src\visualization\gnuplot_large_population.cpp">
      <Filter>Source Files</Filter>
    </ClCompile>
    <ClCompile Include="src\visualization\gnuplot_large_population_iteracting.cpp">
      <Filter>Source Files</Filter>
    </ClCompile>
    <ClCompile Include="src\visualization\gnuplot_run.cpp">
      <Filter>Source Files</Filter>
    </ClCompile>
    <ClCompile Include="src\visualization\gnuplot_run_multiplot.cpp">
      <Filter>Source Files</Filter>
    </ClCompile>
    <ClCompile Include="src\visualization\gnuplot_single_3.cpp">
      <Filter>Source Files</Filter>
    </ClCompile>
    <ClCompile Include="src\visualization\gnuplot_single_film.cpp">
      <Filter>Source Files</Filter>
    </ClCompile>
    <ClCompile Include="src\visualization\histogram3DMultiThreadV2.cpp">
      <Filter>Source Files</Filter>
    </ClCompile>
    <ClCompile Include="src\visualization\HistogramC_3D.cpp">
      <Filter>Source Files</Filter>
    </ClCompile>
    <ClCompile Include="src\visualization\Histogram_2D_gnuplot.cpp">
      <Filter>Source Files</Filter>
    </ClCompile>
    <ClCompile Include="src\visualization\Histogram_3D_gnuplot.cpp">
      <Filter>Source Files</Filter>
    </ClCompile>
    <ClCompile Include="src\visualization\histogram_3d_gnuplotV2.cpp">
      <Filter>Source Files</Filter>
    </ClCompile>
    <ClCompile Include="src\visualization\Hystogram_Dynamic.cpp">
      <Filter>Source Files</Filter>
    </ClCompile>
    <ClCompile Include="src\visualization\lunch_gnuplot.cpp">
      <Filter>Source Files</Filter>
    </ClCompile>
    <ClCompile Include="src\visualization\multiplot_film_snapshots.cpp">
      <Filter>Source Files</Filter>
    </ClCompile>
    <ClCompile Include="src\visualization\setSizesTitles.cpp">
      <Filter>Source Files</Filter>
    </ClCompile>
    <ClCompile Include="src\visualization\stamp_gnuplot_instruction.cpp">
      <Filter>Source Files</Filter>
    </ClCompile>
    <ClCompile Include="src\visualization\Statistical_Analysis.cpp">
      <Filter>Source Files</Filter>
    </ClCompile>
    <ClCompile Include="src\visualization\Verifica_gnuplot.cpp">
      <Filter>Source Files</Filter>
    </ClCompile>
    <ClCompile Include="src\visualization\writeHistToFileMultiT.cpp">
      <Filter>Source Files</Filter>
    </ClCompile>
  </ItemGroup>
  <ItemGroup>
    <ClInclude Include="include\Colori.h">
      <Filter>Header Files</Filter>
    </ClInclude>
    <ClInclude Include="include\constants.h">
      <Filter>Header Files</Filter>
    </ClInclude>
    <ClInclude Include="include\Declar_funz.h">
      <Filter>Header Files</Filter>
    </ClInclude>
    <ClInclude Include="include\ErrorsDefinition.h">
      <Filter>Header Files</Filter>
    </ClInclude>
    <ClInclude Include="include\FunzRand.h">
      <Filter>Header Files</Filter>
    </ClInclude>
    <ClInclude Include="include\FunzRunUndTumble.h">
      <Filter>Header Files</Filter>
    </ClInclude>
    <ClInclude Include="include\gnuplot_3D.h">
      <Filter>Header Files</Filter>
    </ClInclude>
    <ClInclude Include="include\mainFunctions.h">
      <Filter>Header Files</Filter>
    </ClInclude>
    <ClInclude Include="include\Manipulation_Matrix.h">
      <Filter>Header Files</Filter>
    </ClInclude>
    <ClInclude Include="include\MATLAB_Global.h">
      <Filter>Header Files</Filter>
    </ClInclude>
    <ClInclude Include="include\MyMutex.h">
      <Filter>Header Files</Filter>
    </ClInclude>
    <ClInclude Include="include\Q_tau_stat.h">
      <Filter>Header Files</Filter>
    </ClInclude>
    <ClInclude Include="include\sssr.h">
      <Filter>Header Files</Filter>
    </ClInclude>
    <ClInclude Include="include\StatisticalAnalysis.h">
      <Filter>Header Files</Filter>
    </ClInclude>
    <ClInclude Include="include\s_lambda.h">
      <Filter>Header Files</Filter>
    </ClInclude>
    <ClInclude Include="include\tmpfile.h">
      <Filter>Header Files</Filter>
    </ClInclude>
    <ClInclude Include="include\histogram3DMultiThreadV2.hpp">
      <Filter>Header Files</Filter>
    </ClInclude>
    <ClInclude Include="include\LoadBar.hpp">
      <Filter>Header Files</Filter>
    </ClInclude>
    <ClInclude Include="include\setFileNamesRun.hpp">
      <Filter>Header Files</Filter>
    </ClInclude>
    <ClInclude Include="include\simulation_2MultiT.hpp">
      <Filter>Header Files</Filter>
    </ClInclude>
    <ClInclude Include="include\writeHistToFileMultiT.hpp">
      <Filter>Header Files</Filter>
    </ClInclude>
    <ClInclude Include="include\ecoli\CV_rExpIG_tExp.h">
      <Filter>Header Files</Filter>
    </ClInclude>
    <ClInclude Include="include\ecoli\CV_rExp_tExp.h">
      <Filter>Header Files</Filter>
    </ClInclude>
    <ClInclude Include="include\ecoli\CV_rIG_tExp.h">
      <Filter>Header Files</Filter>
    </ClInclude>
    <ClInclude Include="include\ecoli\EO_rExpIG_tExp.h">
      <Filter>Header Files</Filter>
    </ClInclude>
    <ClInclude Include="include\ecoli\EO_rExp_tExp.h">
      <Filter>Header Files</Filter>
    </ClInclude>
    <ClInclude Include="include\ecoli\EO_rIG_tExp.h">
      <Filter>Header Files</Filter>
    </ClInclude>
    <ClInclude Include="include\ecoli\E_Coli.h">
      <Filter>Header Files</Filter>
    </ClInclude>
    <ClInclude Include="include\ecoli\Molecular_rExpIG_tExp.h">
      <Filter>Header Files</Filter>
    </ClInclude>
    <ClInclude Include="include\ecoli\Molecular_rExp_tExp.h">
      <Filter>Header Files</Filter>
    </ClInclude>
    <ClInclude Include="include\ecoli\Molecular_rIG_tExp.h">
      <Filter>Header Files</Filter>
    </ClInclude>
    <ClInclude Include="include\ecoli\ParameterEstimation_CV_rExp_tExp.h">
      <Filter>Header Files</Filter>
    </ClInclude>
    <ClInclude Include="include\ecoli\ParameterEstimation_CV_rIG_tExp.h">
      <Filter>Header Files</Filter>
    </ClInclude>
    <ClInclude Include="include\ecoli\ParameterEstimation_E_Coli.h">
      <Filter>Header Files</Filter>
    </ClInclude>
    <ClInclude Include="include\global\apngasm_Global.h">
      <Filter>Header Files</Filter>
    </ClInclude>
    <ClInclude Include="include\global\Dir_Global.h">
      <Filter>Header Files</Filter>
    </ClInclude>
    <ClInclude Include="include\global\GlobalRandomVariables.h">
      <Filter>Header Files</Filter>
    </ClInclude>
    <ClInclude Include="include\global\GlobalVariables.h">
      <Filter>Header Files</Filter>
    </ClInclude>
    <ClInclude Include="include\global\GnuplotGlobal.h">
      <Filter>Header Files</Filter>
    </ClInclude>
    <ClInclude Include="include\ligand\Funz_C.h">
      <Filter>Header Files</Filter>
    </ClInclude>
    <ClInclude Include="include\ligand\Funz_C_Inter.h">
      <Filter>Header Files</Filter>
    </ClInclude>
    <ClInclude Include="include\ligand\Funz_C_Par.h">
      <Filter>Header Files</Filter>
    </ClInclude>
    <ClInclude Include="include\visualization\multiplot_film_snapshots.h">
      <Filter>Header Files</Filter>
    </ClInclude>
    <ClInclude Include="include\visualization\filmato_3D_gnuplotMultiThread.hpp">
      <Filter>Header Files</Filter>
    </ClInclude>
    <ClInclude Include="include\visualization\filmato_3D_gnuplot_gif.hpp">
      <Filter>Header Files</Filter>
    </ClInclude>
    <ClInclude Include="include\Dirent_Header.h">
      <Filter>Header Files</Filter>
    </ClInclude>
  </ItemGroup>
</Project>